// !$*UTF8*$!
{
	archiveVersion = 1;
	classes = {
	};
	objectVersion = 46;
	objects = {

/* Begin PBXBuildFile section */
		035C3B131C0454CD00AE679A /* AddHaveItemViewController.swift in Sources */ = {isa = PBXBuildFile; fileRef = 035C3B121C0454CD00AE679A /* AddHaveItemViewController.swift */; };
		035C3B151C045C4000AE679A /* Grocery.swift in Sources */ = {isa = PBXBuildFile; fileRef = 035C3B141C045C4000AE679A /* Grocery.swift */; };
		035C3B171C0478C400AE679A /* AddWantItemViewController.swift in Sources */ = {isa = PBXBuildFile; fileRef = 035C3B161C0478C400AE679A /* AddWantItemViewController.swift */; };
		03796CA71C1029660067669E /* Rectangle 37.png in Resources */ = {isa = PBXBuildFile; fileRef = 03796CA51C1029660067669E /* Rectangle 37.png */; };
		03796CA81C1029660067669E /* Phetched Selected.png in Resources */ = {isa = PBXBuildFile; fileRef = 03796CA61C1029660067669E /* Phetched Selected.png */; };
		03796CAB1C102A7C0067669E /* Phetched Selectedsmall.png in Resources */ = {isa = PBXBuildFile; fileRef = 03796CA91C102A7C0067669E /* Phetched Selectedsmall.png */; };
		03796CAC1C102A7C0067669E /* Rectangle 37small.png in Resources */ = {isa = PBXBuildFile; fileRef = 03796CAA1C102A7C0067669E /* Rectangle 37small.png */; };
		039A6DC61C0D77DB001FC7D2 /* Increase.png in Resources */ = {isa = PBXBuildFile; fileRef = 039A6DC51C0D77DB001FC7D2 /* Increase.png */; };
		039A6DC81C0D77F5001FC7D2 /* Reduce.png in Resources */ = {isa = PBXBuildFile; fileRef = 039A6DC71C0D77F5001FC7D2 /* Reduce.png */; };
		039A6DCC1C0D7E49001FC7D2 /* Phetched Logo.png in Resources */ = {isa = PBXBuildFile; fileRef = 039A6DCB1C0D7E49001FC7D2 /* Phetched Logo.png */; };
		03BE3FBE1BFCD79B00C24F77 /* AppDelegate.swift in Sources */ = {isa = PBXBuildFile; fileRef = 03BE3FBD1BFCD79B00C24F77 /* AppDelegate.swift */; };
		03BE3FC01BFCD79B00C24F77 /* HaveTableViewController.swift in Sources */ = {isa = PBXBuildFile; fileRef = 03BE3FBF1BFCD79B00C24F77 /* HaveTableViewController.swift */; };
		03BE3FC21BFCD79B00C24F77 /* WantTableViewController.swift in Sources */ = {isa = PBXBuildFile; fileRef = 03BE3FC11BFCD79B00C24F77 /* WantTableViewController.swift */; };
		03BE3FC51BFCD79B00C24F77 /* Main.storyboard in Resources */ = {isa = PBXBuildFile; fileRef = 03BE3FC31BFCD79B00C24F77 /* Main.storyboard */; };
		03BE3FC71BFCD79B00C24F77 /* Images.xcassets in Resources */ = {isa = PBXBuildFile; fileRef = 03BE3FC61BFCD79B00C24F77 /* Images.xcassets */; };
		03BE3FCA1BFCD79B00C24F77 /* LaunchScreen.xib in Resources */ = {isa = PBXBuildFile; fileRef = 03BE3FC81BFCD79B00C24F77 /* LaunchScreen.xib */; };
		03BE3FD61BFCD79B00C24F77 /* PhetchTests.swift in Sources */ = {isa = PBXBuildFile; fileRef = 03BE3FD51BFCD79B00C24F77 /* PhetchTests.swift */; };
		03C568151BFDC39100228A84 /* GroceryTableViewCell.swift in Sources */ = {isa = PBXBuildFile; fileRef = 03C568141BFDC39100228A84 /* GroceryTableViewCell.swift */; };
/* End PBXBuildFile section */

/* Begin PBXContainerItemProxy section */
		03BE3FD01BFCD79B00C24F77 /* PBXContainerItemProxy */ = {
			isa = PBXContainerItemProxy;
			containerPortal = 03BE3FB01BFCD79B00C24F77 /* Project object */;
			proxyType = 1;
			remoteGlobalIDString = 03BE3FB71BFCD79B00C24F77;
			remoteInfo = Phetch;
		};
/* End PBXContainerItemProxy section */

/* Begin PBXFileReference section */
		035C3B121C0454CD00AE679A /* AddHaveItemViewController.swift */ = {isa = PBXFileReference; fileEncoding = 4; lastKnownFileType = sourcecode.swift; path = AddHaveItemViewController.swift; sourceTree = "<group>"; };
		035C3B141C045C4000AE679A /* Grocery.swift */ = {isa = PBXFileReference; fileEncoding = 4; lastKnownFileType = sourcecode.swift; path = Grocery.swift; sourceTree = "<group>"; };
		035C3B161C0478C400AE679A /* AddWantItemViewController.swift */ = {isa = PBXFileReference; fileEncoding = 4; lastKnownFileType = sourcecode.swift; path = AddWantItemViewController.swift; sourceTree = "<group>"; };
		03796CA51C1029660067669E /* Rectangle 37.png */ = {isa = PBXFileReference; lastKnownFileType = image.png; path = "Rectangle 37.png"; sourceTree = "<group>"; };
		03796CA61C1029660067669E /* Phetched Selected.png */ = {isa = PBXFileReference; lastKnownFileType = image.png; path = "Phetched Selected.png"; sourceTree = "<group>"; };
		03796CA91C102A7C0067669E /* Phetched Selectedsmall.png */ = {isa = PBXFileReference; lastKnownFileType = image.png; path = "Phetched Selectedsmall.png"; sourceTree = "<group>"; };
		03796CAA1C102A7C0067669E /* Rectangle 37small.png */ = {isa = PBXFileReference; lastKnownFileType = image.png; path = "Rectangle 37small.png"; sourceTree = "<group>"; };
		039A6DC51C0D77DB001FC7D2 /* Increase.png */ = {isa = PBXFileReference; lastKnownFileType = image.png; path = Increase.png; sourceTree = "<group>"; };
		039A6DC71C0D77F5001FC7D2 /* Reduce.png */ = {isa = PBXFileReference; lastKnownFileType = image.png; path = Reduce.png; sourceTree = "<group>"; };
		039A6DCB1C0D7E49001FC7D2 /* Phetched Logo.png */ = {isa = PBXFileReference; lastKnownFileType = image.png; path = "Phetched Logo.png"; sourceTree = "<group>"; };
		03BE3FB81BFCD79B00C24F77 /* Phetch.app */ = {isa = PBXFileReference; explicitFileType = wrapper.application; includeInIndex = 0; path = Phetch.app; sourceTree = BUILT_PRODUCTS_DIR; };
		03BE3FBC1BFCD79B00C24F77 /* Info.plist */ = {isa = PBXFileReference; lastKnownFileType = text.plist.xml; path = Info.plist; sourceTree = "<group>"; };
		03BE3FBD1BFCD79B00C24F77 /* AppDelegate.swift */ = {isa = PBXFileReference; lastKnownFileType = sourcecode.swift; path = AppDelegate.swift; sourceTree = "<group>"; };
		03BE3FBF1BFCD79B00C24F77 /* HaveTableViewController.swift */ = {isa = PBXFileReference; lastKnownFileType = sourcecode.swift; path = HaveTableViewController.swift; sourceTree = "<group>"; };
		03BE3FC11BFCD79B00C24F77 /* WantTableViewController.swift */ = {isa = PBXFileReference; lastKnownFileType = sourcecode.swift; path = WantTableViewController.swift; sourceTree = "<group>"; };
		03BE3FC41BFCD79B00C24F77 /* Base */ = {isa = PBXFileReference; lastKnownFileType = file.storyboard; name = Base; path = Base.lproj/Main.storyboard; sourceTree = "<group>"; };
		03BE3FC61BFCD79B00C24F77 /* Images.xcassets */ = {isa = PBXFileReference; lastKnownFileType = folder.assetcatalog; path = Images.xcassets; sourceTree = "<group>"; };
		03BE3FC91BFCD79B00C24F77 /* Base */ = {isa = PBXFileReference; lastKnownFileType = file.xib; name = Base; path = Base.lproj/LaunchScreen.xib; sourceTree = "<group>"; };
		03BE3FCF1BFCD79B00C24F77 /* PhetchTests.xctest */ = {isa = PBXFileReference; explicitFileType = wrapper.cfbundle; includeInIndex = 0; path = PhetchTests.xctest; sourceTree = BUILT_PRODUCTS_DIR; };
		03BE3FD41BFCD79B00C24F77 /* Info.plist */ = {isa = PBXFileReference; lastKnownFileType = text.plist.xml; path = Info.plist; sourceTree = "<group>"; };
		03BE3FD51BFCD79B00C24F77 /* PhetchTests.swift */ = {isa = PBXFileReference; lastKnownFileType = sourcecode.swift; path = PhetchTests.swift; sourceTree = "<group>"; };
		03C568141BFDC39100228A84 /* GroceryTableViewCell.swift */ = {isa = PBXFileReference; fileEncoding = 4; lastKnownFileType = sourcecode.swift; path = GroceryTableViewCell.swift; sourceTree = "<group>"; };
/* End PBXFileReference section */

/* Begin PBXFrameworksBuildPhase section */
		03BE3FB51BFCD79B00C24F77 /* Frameworks */ = {
			isa = PBXFrameworksBuildPhase;
			buildActionMask = 2147483647;
			files = (
			);
			runOnlyForDeploymentPostprocessing = 0;
		};
		03BE3FCC1BFCD79B00C24F77 /* Frameworks */ = {
			isa = PBXFrameworksBuildPhase;
			buildActionMask = 2147483647;
			files = (
			);
			runOnlyForDeploymentPostprocessing = 0;
		};
/* End PBXFrameworksBuildPhase section */

/* Begin PBXGroup section */
		039A6DC01C0D6ED5001FC7D2 /* sketch */ = {
			isa = PBXGroup;
			children = (
				03796CA91C102A7C0067669E /* Phetched Selectedsmall.png */,
				03796CAA1C102A7C0067669E /* Rectangle 37small.png */,
				03796CA51C1029660067669E /* Rectangle 37.png */,
				03796CA61C1029660067669E /* Phetched Selected.png */,
				039A6DCB1C0D7E49001FC7D2 /* Phetched Logo.png */,
				039A6DC51C0D77DB001FC7D2 /* Increase.png */,
				039A6DC71C0D77F5001FC7D2 /* Reduce.png */,
			);
			name = sketch;
			sourceTree = "<group>";
		};
		03BE3FAF1BFCD79B00C24F77 = {
			isa = PBXGroup;
			children = (
				03BE3FBA1BFCD79B00C24F77 /* Phetch */,
				03BE3FD21BFCD79B00C24F77 /* PhetchTests */,
				03BE3FB91BFCD79B00C24F77 /* Products */,
			);
			sourceTree = "<group>";
		};
		03BE3FB91BFCD79B00C24F77 /* Products */ = {
			isa = PBXGroup;
			children = (
				03BE3FB81BFCD79B00C24F77 /* Phetch.app */,
				03BE3FCF1BFCD79B00C24F77 /* PhetchTests.xctest */,
			);
			name = Products;
			sourceTree = "<group>";
		};
		03BE3FBA1BFCD79B00C24F77 /* Phetch */ = {
			isa = PBXGroup;
			children = (
				039A6DC01C0D6ED5001FC7D2 /* sketch */,
				03BE3FBD1BFCD79B00C24F77 /* AppDelegate.swift */,
				03BE3FBF1BFCD79B00C24F77 /* HaveTableViewController.swift */,
				03BE3FC11BFCD79B00C24F77 /* WantTableViewController.swift */,
				035C3B121C0454CD00AE679A /* AddHaveItemViewController.swift */,
				035C3B161C0478C400AE679A /* AddWantItemViewController.swift */,
				035C3B141C045C4000AE679A /* Grocery.swift */,
				03C568141BFDC39100228A84 /* GroceryTableViewCell.swift */,
				03BE3FC31BFCD79B00C24F77 /* Main.storyboard */,
				03BE3FC61BFCD79B00C24F77 /* Images.xcassets */,
				03BE3FC81BFCD79B00C24F77 /* LaunchScreen.xib */,
				03BE3FBB1BFCD79B00C24F77 /* Supporting Files */,
			);
			path = Phetch;
			sourceTree = "<group>";
		};
		03BE3FBB1BFCD79B00C24F77 /* Supporting Files */ = {
			isa = PBXGroup;
			children = (
				03BE3FBC1BFCD79B00C24F77 /* Info.plist */,
			);
			name = "Supporting Files";
			sourceTree = "<group>";
		};
		03BE3FD21BFCD79B00C24F77 /* PhetchTests */ = {
			isa = PBXGroup;
			children = (
				03BE3FD51BFCD79B00C24F77 /* PhetchTests.swift */,
				03BE3FD31BFCD79B00C24F77 /* Supporting Files */,
			);
			path = PhetchTests;
			sourceTree = "<group>";
		};
		03BE3FD31BFCD79B00C24F77 /* Supporting Files */ = {
			isa = PBXGroup;
			children = (
				03BE3FD41BFCD79B00C24F77 /* Info.plist */,
			);
			name = "Supporting Files";
			sourceTree = "<group>";
		};
/* End PBXGroup section */

/* Begin PBXNativeTarget section */
		03BE3FB71BFCD79B00C24F77 /* Phetch */ = {
			isa = PBXNativeTarget;
			buildConfigurationList = 03BE3FD91BFCD79B00C24F77 /* Build configuration list for PBXNativeTarget "Phetch" */;
			buildPhases = (
				03BE3FB41BFCD79B00C24F77 /* Sources */,
				03BE3FB51BFCD79B00C24F77 /* Frameworks */,
				03BE3FB61BFCD79B00C24F77 /* Resources */,
			);
			buildRules = (
			);
			dependencies = (
			);
			name = Phetch;
			productName = Phetch;
			productReference = 03BE3FB81BFCD79B00C24F77 /* Phetch.app */;
			productType = "com.apple.product-type.application";
		};
		03BE3FCE1BFCD79B00C24F77 /* PhetchTests */ = {
			isa = PBXNativeTarget;
			buildConfigurationList = 03BE3FDC1BFCD79B00C24F77 /* Build configuration list for PBXNativeTarget "PhetchTests" */;
			buildPhases = (
				03BE3FCB1BFCD79B00C24F77 /* Sources */,
				03BE3FCC1BFCD79B00C24F77 /* Frameworks */,
				03BE3FCD1BFCD79B00C24F77 /* Resources */,
			);
			buildRules = (
			);
			dependencies = (
				03BE3FD11BFCD79B00C24F77 /* PBXTargetDependency */,
			);
			name = PhetchTests;
			productName = PhetchTests;
			productReference = 03BE3FCF1BFCD79B00C24F77 /* PhetchTests.xctest */;
			productType = "com.apple.product-type.bundle.unit-test";
		};
/* End PBXNativeTarget section */

/* Begin PBXProject section */
		03BE3FB01BFCD79B00C24F77 /* Project object */ = {
			isa = PBXProject;
			attributes = {
				LastSwiftUpdateCheck = 0710;
				LastUpgradeCheck = 0710;
				ORGANIZATIONNAME = phetch;
				TargetAttributes = {
					03BE3FB71BFCD79B00C24F77 = {
						CreatedOnToolsVersion = 6.1.1;
					};
					03BE3FCE1BFCD79B00C24F77 = {
						CreatedOnToolsVersion = 6.1.1;
						TestTargetID = 03BE3FB71BFCD79B00C24F77;
					};
				};
			};
			buildConfigurationList = 03BE3FB31BFCD79B00C24F77 /* Build configuration list for PBXProject "Phetch" */;
			compatibilityVersion = "Xcode 3.2";
			developmentRegion = English;
			hasScannedForEncodings = 0;
			knownRegions = (
				en,
				Base,
			);
			mainGroup = 03BE3FAF1BFCD79B00C24F77;
			productRefGroup = 03BE3FB91BFCD79B00C24F77 /* Products */;
			projectDirPath = "";
			projectRoot = "";
			targets = (
				03BE3FB71BFCD79B00C24F77 /* Phetch */,
				03BE3FCE1BFCD79B00C24F77 /* PhetchTests */,
			);
		};
/* End PBXProject section */

/* Begin PBXResourcesBuildPhase section */
		03BE3FB61BFCD79B00C24F77 /* Resources */ = {
			isa = PBXResourcesBuildPhase;
			buildActionMask = 2147483647;
			files = (
				03796CAC1C102A7C0067669E /* Rectangle 37small.png in Resources */,
				03796CAB1C102A7C0067669E /* Phetched Selectedsmall.png in Resources */,
				03BE3FC51BFCD79B00C24F77 /* Main.storyboard in Resources */,
				039A6DC61C0D77DB001FC7D2 /* Increase.png in Resources */,
				03796CA71C1029660067669E /* Rectangle 37.png in Resources */,
				03BE3FCA1BFCD79B00C24F77 /* LaunchScreen.xib in Resources */,
				039A6DC81C0D77F5001FC7D2 /* Reduce.png in Resources */,
				039A6DCC1C0D7E49001FC7D2 /* Phetched Logo.png in Resources */,
				03796CA81C1029660067669E /* Phetched Selected.png in Resources */,
				03BE3FC71BFCD79B00C24F77 /* Images.xcassets in Resources */,
			);
			runOnlyForDeploymentPostprocessing = 0;
		};
		03BE3FCD1BFCD79B00C24F77 /* Resources */ = {
			isa = PBXResourcesBuildPhase;
			buildActionMask = 2147483647;
			files = (
			);
			runOnlyForDeploymentPostprocessing = 0;
		};
/* End PBXResourcesBuildPhase section */

/* Begin PBXSourcesBuildPhase section */
		03BE3FB41BFCD79B00C24F77 /* Sources */ = {
			isa = PBXSourcesBuildPhase;
			buildActionMask = 2147483647;
			files = (
				035C3B131C0454CD00AE679A /* AddHaveItemViewController.swift in Sources */,
				03BE3FC21BFCD79B00C24F77 /* WantTableViewController.swift in Sources */,
				03BE3FBE1BFCD79B00C24F77 /* AppDelegate.swift in Sources */,
				03BE3FC01BFCD79B00C24F77 /* HaveTableViewController.swift in Sources */,
				03C568151BFDC39100228A84 /* GroceryTableViewCell.swift in Sources */,
				035C3B171C0478C400AE679A /* AddWantItemViewController.swift in Sources */,
				035C3B151C045C4000AE679A /* Grocery.swift in Sources */,
			);
			runOnlyForDeploymentPostprocessing = 0;
		};
		03BE3FCB1BFCD79B00C24F77 /* Sources */ = {
			isa = PBXSourcesBuildPhase;
			buildActionMask = 2147483647;
			files = (
				03BE3FD61BFCD79B00C24F77 /* PhetchTests.swift in Sources */,
			);
			runOnlyForDeploymentPostprocessing = 0;
		};
/* End PBXSourcesBuildPhase section */

/* Begin PBXTargetDependency section */
		03BE3FD11BFCD79B00C24F77 /* PBXTargetDependency */ = {
			isa = PBXTargetDependency;
			target = 03BE3FB71BFCD79B00C24F77 /* Phetch */;
			targetProxy = 03BE3FD01BFCD79B00C24F77 /* PBXContainerItemProxy */;
		};
/* End PBXTargetDependency section */

/* Begin PBXVariantGroup section */
		03BE3FC31BFCD79B00C24F77 /* Main.storyboard */ = {
			isa = PBXVariantGroup;
			children = (
				03BE3FC41BFCD79B00C24F77 /* Base */,
			);
			name = Main.storyboard;
			sourceTree = "<group>";
		};
		03BE3FC81BFCD79B00C24F77 /* LaunchScreen.xib */ = {
			isa = PBXVariantGroup;
			children = (
				03BE3FC91BFCD79B00C24F77 /* Base */,
			);
			name = LaunchScreen.xib;
			sourceTree = "<group>";
		};
/* End PBXVariantGroup section */

/* Begin XCBuildConfiguration section */
		03BE3FD71BFCD79B00C24F77 /* Debug */ = {
			isa = XCBuildConfiguration;
			buildSettings = {
				ALWAYS_SEARCH_USER_PATHS = NO;
				CLANG_CXX_LANGUAGE_STANDARD = "gnu++0x";
				CLANG_CXX_LIBRARY = "libc++";
				CLANG_ENABLE_MODULES = YES;
				CLANG_ENABLE_OBJC_ARC = YES;
				CLANG_WARN_BOOL_CONVERSION = YES;
				CLANG_WARN_CONSTANT_CONVERSION = YES;
				CLANG_WARN_DIRECT_OBJC_ISA_USAGE = YES_ERROR;
				CLANG_WARN_EMPTY_BODY = YES;
				CLANG_WARN_ENUM_CONVERSION = YES;
				CLANG_WARN_INT_CONVERSION = YES;
				CLANG_WARN_OBJC_ROOT_CLASS = YES_ERROR;
				CLANG_WARN_UNREACHABLE_CODE = YES;
				CLANG_WARN__DUPLICATE_METHOD_MATCH = YES;
				"CODE_SIGN_IDENTITY[sdk=iphoneos*]" = "iPhone Developer";
				COPY_PHASE_STRIP = NO;
				ENABLE_STRICT_OBJC_MSGSEND = YES;
				ENABLE_TESTABILITY = YES;
				GCC_C_LANGUAGE_STANDARD = gnu99;
				GCC_DYNAMIC_NO_PIC = NO;
				GCC_OPTIMIZATION_LEVEL = 0;
				GCC_PREPROCESSOR_DEFINITIONS = (
					"DEBUG=1",
					"$(inherited)",
				);
				GCC_SYMBOLS_PRIVATE_EXTERN = NO;
				GCC_WARN_64_TO_32_BIT_CONVERSION = YES;
				GCC_WARN_ABOUT_RETURN_TYPE = YES_ERROR;
				GCC_WARN_UNDECLARED_SELECTOR = YES;
				GCC_WARN_UNINITIALIZED_AUTOS = YES_AGGRESSIVE;
				GCC_WARN_UNUSED_FUNCTION = YES;
				GCC_WARN_UNUSED_VARIABLE = YES;
				IPHONEOS_DEPLOYMENT_TARGET = 8.1;
				MTL_ENABLE_DEBUG_INFO = YES;
				ONLY_ACTIVE_ARCH = YES;
				SDKROOT = iphoneos;
				SWIFT_OPTIMIZATION_LEVEL = "-Onone";
			};
			name = Debug;
		};
		03BE3FD81BFCD79B00C24F77 /* Release */ = {
			isa = XCBuildConfiguration;
			buildSettings = {
				ALWAYS_SEARCH_USER_PATHS = NO;
				CLANG_CXX_LANGUAGE_STANDARD = "gnu++0x";
				CLANG_CXX_LIBRARY = "libc++";
				CLANG_ENABLE_MODULES = YES;
				CLANG_ENABLE_OBJC_ARC = YES;
				CLANG_WARN_BOOL_CONVERSION = YES;
				CLANG_WARN_CONSTANT_CONVERSION = YES;
				CLANG_WARN_DIRECT_OBJC_ISA_USAGE = YES_ERROR;
				CLANG_WARN_EMPTY_BODY = YES;
				CLANG_WARN_ENUM_CONVERSION = YES;
				CLANG_WARN_INT_CONVERSION = YES;
				CLANG_WARN_OBJC_ROOT_CLASS = YES_ERROR;
				CLANG_WARN_UNREACHABLE_CODE = YES;
				CLANG_WARN__DUPLICATE_METHOD_MATCH = YES;
				"CODE_SIGN_IDENTITY[sdk=iphoneos*]" = "iPhone Developer";
				COPY_PHASE_STRIP = YES;
				ENABLE_NS_ASSERTIONS = NO;
				ENABLE_STRICT_OBJC_MSGSEND = YES;
				GCC_C_LANGUAGE_STANDARD = gnu99;
				GCC_WARN_64_TO_32_BIT_CONVERSION = YES;
				GCC_WARN_ABOUT_RETURN_TYPE = YES_ERROR;
				GCC_WARN_UNDECLARED_SELECTOR = YES;
				GCC_WARN_UNINITIALIZED_AUTOS = YES_AGGRESSIVE;
				GCC_WARN_UNUSED_FUNCTION = YES;
				GCC_WARN_UNUSED_VARIABLE = YES;
				IPHONEOS_DEPLOYMENT_TARGET = 8.1;
				MTL_ENABLE_DEBUG_INFO = NO;
				SDKROOT = iphoneos;
				VALIDATE_PRODUCT = YES;
			};
			name = Release;
		};
		03BE3FDA1BFCD79B00C24F77 /* Debug */ = {
			isa = XCBuildConfiguration;
			buildSettings = {
				ASSETCATALOG_COMPILER_APPICON_NAME = AppIcon;
				INFOPLIST_FILE = Phetch/Info.plist;
				LD_RUNPATH_SEARCH_PATHS = "$(inherited) @executable_path/Frameworks";
				PRODUCT_BUNDLE_IDENTIFIER = "com.phetch.$(PRODUCT_NAME:rfc1034identifier)";
				PRODUCT_NAME = "$(TARGET_NAME)";
			};
			name = Debug;
		};
		03BE3FDB1BFCD79B00C24F77 /* Release */ = {
			isa = XCBuildConfiguration;
			buildSettings = {
				ASSETCATALOG_COMPILER_APPICON_NAME = AppIcon;
				INFOPLIST_FILE = Phetch/Info.plist;
				LD_RUNPATH_SEARCH_PATHS = "$(inherited) @executable_path/Frameworks";
				PRODUCT_BUNDLE_IDENTIFIER = "com.phetch.$(PRODUCT_NAME:rfc1034identifier)";
				PRODUCT_NAME = "$(TARGET_NAME)";
			};
			name = Release;
		};
		03BE3FDD1BFCD79B00C24F77 /* Debug */ = {
			isa = XCBuildConfiguration;
			buildSettings = {
				BUNDLE_LOADER = "$(TEST_HOST)";
				FRAMEWORK_SEARCH_PATHS = (
					"$(SDKROOT)/Developer/Library/Frameworks",
					"$(inherited)",
				);
				GCC_PREPROCESSOR_DEFINITIONS = (
					"DEBUG=1",
					"$(inherited)",
				);
				INFOPLIST_FILE = PhetchTests/Info.plist;
				LD_RUNPATH_SEARCH_PATHS = "$(inherited) @executable_path/Frameworks @loader_path/Frameworks";
				PRODUCT_BUNDLE_IDENTIFIER = "com.phetch.$(PRODUCT_NAME:rfc1034identifier)";
				PRODUCT_NAME = "$(TARGET_NAME)";
				TEST_HOST = "$(BUILT_PRODUCTS_DIR)/Phetch.app/Phetch";
			};
			name = Debug;
		};
		03BE3FDE1BFCD79B00C24F77 /* Release */ = {
			isa = XCBuildConfiguration;
			buildSettings = {
				BUNDLE_LOADER = "$(TEST_HOST)";
				FRAMEWORK_SEARCH_PATHS = (
					"$(SDKROOT)/Developer/Library/Frameworks",
					"$(inherited)",
				);
				INFOPLIST_FILE = PhetchTests/Info.plist;
				LD_RUNPATH_SEARCH_PATHS = "$(inherited) @executable_path/Frameworks @loader_path/Frameworks";
				PRODUCT_BUNDLE_IDENTIFIER = "com.phetch.$(PRODUCT_NAME:rfc1034identifier)";
				PRODUCT_NAME = "$(TARGET_NAME)";
				TEST_HOST = "$(BUILT_PRODUCTS_DIR)/Phetch.app/Phetch";
			};
			name = Release;
		};
/* End XCBuildConfiguration section */

/* Begin XCConfigurationList section */
		03BE3FB31BFCD79B00C24F77 /* Build configuration list for PBXProject "Phetch" */ = {
			isa = XCConfigurationList;
			buildConfigurations = (
				03BE3FD71BFCD79B00C24F77 /* Debug */,
				03BE3FD81BFCD79B00C24F77 /* Release */,
			);
			defaultConfigurationIsVisible = 0;
			defaultConfigurationName = Release;
		};
		03BE3FD91BFCD79B00C24F77 /* Build configuration list for PBXNativeTarget "Phetch" */ = {
			isa = XCConfigurationList;
			buildConfigurations = (
				03BE3FDA1BFCD79B00C24F77 /* Debug */,
				03BE3FDB1BFCD79B00C24F77 /* Release */,
			);
			defaultConfigurationIsVisible = 0;
			defaultConfigurationName = Release;
		};
		03BE3FDC1BFCD79B00C24F77 /* Build configuration list for PBXNativeTarget "PhetchTests" */ = {
			isa = XCConfigurationList;
			buildConfigurations = (
				03BE3FDD1BFCD79B00C24F77 /* Debug */,
				03BE3FDE1BFCD79B00C24F77 /* Release */,
			);
			defaultConfigurationIsVisible = 0;
			defaultConfigurationName = Release;
		};
/* End XCConfigurationList section */
	};
	rootObject = 03BE3FB01BFCD79B00C24F77 /* Project object */;
}
